
Microsoft Visual Studio Solution File, Format Version 12.00
# Visual Studio Version 17
VisualStudioVersion = 17.0.31815.197
MinimumVisualStudioVersion = 10.0.40219.1
Project("{2150E333-8FDC-42A3-9474-1A3956D46DE8}") = "App", "App", "{1B05413D-C9AC-4FC5-B3F7-6061F3644E27}"
EndProject
Project("{2150E333-8FDC-42A3-9474-1A3956D46DE8}") = "Test", "Test", "{73E51C61-5948-4BDF-A9D9-5B43F1A49B84}"
EndProject
Project("{9A19103F-16F7-4668-BE54-9A1E7A4F7556}") = "YarnNinja.App.WinApp", "App\WinApp\WinApp\YarnNinja.App.WinApp.csproj", "{CDE21C0B-7140-4BBA-8BE3-6CBEA25CE37F}"
EndProject
Project("{C7167F0D-BC9F-4E6E-AFE1-012C56B48DB5}") = "YarnNinja.App.WinApp (Package)", "App\WinApp\WinApp (Package)\YarnNinja.App.WinApp (Package).wapproj", "{F3F39466-3BF7-47CC-BAFF-3589EEB1108A}"
EndProject
Project("{9A19103F-16F7-4668-BE54-9A1E7A4F7556}") = "YarnNinja.App.Console", "App\Console\YarnNinja.App.Console.csproj", "{8F745705-0FCE-41CC-95A1-FB5E03FAB1EC}"
EndProject
Project("{2150E333-8FDC-42A3-9474-1A3956D46DE8}") = "Samples", "Samples", "{EA18273F-57B4-4D5A-B98C-7DAE02F54382}"
EndProject
Project("{9A19103F-16F7-4668-BE54-9A1E7A4F7556}") = "YarnNinja.Common", "YarnNinha.Common\YarnNinja.Common.csproj", "{DBF83177-3B75-42A2-B019-BE22FADD5300}"
EndProject
Global
	GlobalSection(SolutionConfigurationPlatforms) = preSolution
		Debug|Any CPU = Debug|Any CPU
		Debug|arm64 = Debug|arm64
		Debug|x64 = Debug|x64
		Debug|x86 = Debug|x86
		Release|Any CPU = Release|Any CPU
		Release|arm64 = Release|arm64
		Release|x64 = Release|x64
		Release|x86 = Release|x86
	EndGlobalSection
	GlobalSection(ProjectConfigurationPlatforms) = postSolution
		{CDE21C0B-7140-4BBA-8BE3-6CBEA25CE37F}.Debug|Any CPU.ActiveCfg = Debug|x64
		{CDE21C0B-7140-4BBA-8BE3-6CBEA25CE37F}.Debug|Any CPU.Build.0 = Debug|x64
		{CDE21C0B-7140-4BBA-8BE3-6CBEA25CE37F}.Debug|arm64.ActiveCfg = Debug|arm64
		{CDE21C0B-7140-4BBA-8BE3-6CBEA25CE37F}.Debug|arm64.Build.0 = Debug|arm64
		{CDE21C0B-7140-4BBA-8BE3-6CBEA25CE37F}.Debug|x64.ActiveCfg = Debug|x64
		{CDE21C0B-7140-4BBA-8BE3-6CBEA25CE37F}.Debug|x64.Build.0 = Debug|x64
		{CDE21C0B-7140-4BBA-8BE3-6CBEA25CE37F}.Debug|x86.ActiveCfg = Debug|x86
		{CDE21C0B-7140-4BBA-8BE3-6CBEA25CE37F}.Debug|x86.Build.0 = Debug|x86
		{CDE21C0B-7140-4BBA-8BE3-6CBEA25CE37F}.Release|Any CPU.ActiveCfg = Release|x64
		{CDE21C0B-7140-4BBA-8BE3-6CBEA25CE37F}.Release|Any CPU.Build.0 = Release|x64
		{CDE21C0B-7140-4BBA-8BE3-6CBEA25CE37F}.Release|arm64.ActiveCfg = Release|arm64
		{CDE21C0B-7140-4BBA-8BE3-6CBEA25CE37F}.Release|arm64.Build.0 = Release|arm64
		{CDE21C0B-7140-4BBA-8BE3-6CBEA25CE37F}.Release|x64.ActiveCfg = Release|x64
		{CDE21C0B-7140-4BBA-8BE3-6CBEA25CE37F}.Release|x64.Build.0 = Release|x64
		{CDE21C0B-7140-4BBA-8BE3-6CBEA25CE37F}.Release|x86.ActiveCfg = Release|x86
		{CDE21C0B-7140-4BBA-8BE3-6CBEA25CE37F}.Release|x86.Build.0 = Release|x86
		{F3F39466-3BF7-47CC-BAFF-3589EEB1108A}.Debug|Any CPU.ActiveCfg = Debug|x64
		{F3F39466-3BF7-47CC-BAFF-3589EEB1108A}.Debug|Any CPU.Build.0 = Debug|x64
		{F3F39466-3BF7-47CC-BAFF-3589EEB1108A}.Debug|Any CPU.Deploy.0 = Debug|x64
		{F3F39466-3BF7-47CC-BAFF-3589EEB1108A}.Debug|arm64.ActiveCfg = Debug|arm64
		{F3F39466-3BF7-47CC-BAFF-3589EEB1108A}.Debug|arm64.Build.0 = Debug|arm64
		{F3F39466-3BF7-47CC-BAFF-3589EEB1108A}.Debug|arm64.Deploy.0 = Debug|arm64
		{F3F39466-3BF7-47CC-BAFF-3589EEB1108A}.Debug|x64.ActiveCfg = Debug|x64
		{F3F39466-3BF7-47CC-BAFF-3589EEB1108A}.Debug|x64.Build.0 = Debug|x64
		{F3F39466-3BF7-47CC-BAFF-3589EEB1108A}.Debug|x64.Deploy.0 = Debug|x64
		{F3F39466-3BF7-47CC-BAFF-3589EEB1108A}.Debug|x86.ActiveCfg = Debug|x86
		{F3F39466-3BF7-47CC-BAFF-3589EEB1108A}.Debug|x86.Build.0 = Debug|x86
		{F3F39466-3BF7-47CC-BAFF-3589EEB1108A}.Debug|x86.Deploy.0 = Debug|x86
		{F3F39466-3BF7-47CC-BAFF-3589EEB1108A}.Release|Any CPU.ActiveCfg = Release|x64
		{F3F39466-3BF7-47CC-BAFF-3589EEB1108A}.Release|Any CPU.Build.0 = Release|x64
		{F3F39466-3BF7-47CC-BAFF-3589EEB1108A}.Release|Any CPU.Deploy.0 = Release|x64
		{F3F39466-3BF7-47CC-BAFF-3589EEB1108A}.Release|arm64.ActiveCfg = Release|arm64
		{F3F39466-3BF7-47CC-BAFF-3589EEB1108A}.Release|arm64.Build.0 = Release|arm64
		{F3F39466-3BF7-47CC-BAFF-3589EEB1108A}.Release|arm64.Deploy.0 = Release|arm64
		{F3F39466-3BF7-47CC-BAFF-3589EEB1108A}.Release|x64.ActiveCfg = Release|x64
		{F3F39466-3BF7-47CC-BAFF-3589EEB1108A}.Release|x64.Build.0 = Release|x64
		{F3F39466-3BF7-47CC-BAFF-3589EEB1108A}.Release|x64.Deploy.0 = Release|x64
		{F3F39466-3BF7-47CC-BAFF-3589EEB1108A}.Release|x86.ActiveCfg = Release|x86
		{F3F39466-3BF7-47CC-BAFF-3589EEB1108A}.Release|x86.Build.0 = Release|x86
		{F3F39466-3BF7-47CC-BAFF-3589EEB1108A}.Release|x86.Deploy.0 = Release|x86
		{8F745705-0FCE-41CC-95A1-FB5E03FAB1EC}.Debug|Any CPU.ActiveCfg = Debug|Any CPU
		{8F745705-0FCE-41CC-95A1-FB5E03FAB1EC}.Debug|Any CPU.Build.0 = Debug|Any CPU
		{8F745705-0FCE-41CC-95A1-FB5E03FAB1EC}.Debug|arm64.ActiveCfg = Debug|Any CPU
		{8F745705-0FCE-41CC-95A1-FB5E03FAB1EC}.Debug|arm64.Build.0 = Debug|Any CPU
		{8F745705-0FCE-41CC-95A1-FB5E03FAB1EC}.Debug|x64.ActiveCfg = Debug|Any CPU
		{8F745705-0FCE-41CC-95A1-FB5E03FAB1EC}.Debug|x64.Build.0 = Debug|Any CPU
		{8F745705-0FCE-41CC-95A1-FB5E03FAB1EC}.Debug|x86.ActiveCfg = Debug|Any CPU
		{8F745705-0FCE-41CC-95A1-FB5E03FAB1EC}.Debug|x86.Build.0 = Debug|Any CPU
		{8F745705-0FCE-41CC-95A1-FB5E03FAB1EC}.Release|Any CPU.ActiveCfg = Release|Any CPU
		{8F745705-0FCE-41CC-95A1-FB5E03FAB1EC}.Release|Any CPU.Build.0 = Release|Any CPU
		{8F745705-0FCE-41CC-95A1-FB5E03FAB1EC}.Release|arm64.ActiveCfg = Release|Any CPU
		{8F745705-0FCE-41CC-95A1-FB5E03FAB1EC}.Release|arm64.Build.0 = Release|Any CPU
		{8F745705-0FCE-41CC-95A1-FB5E03FAB1EC}.Release|x64.ActiveCfg = Release|Any CPU
		{8F745705-0FCE-41CC-95A1-FB5E03FAB1EC}.Release|x64.Build.0 = Release|Any CPU
		{8F745705-0FCE-41CC-95A1-FB5E03FAB1EC}.Release|x86.ActiveCfg = Release|Any CPU
		{8F745705-0FCE-41CC-95A1-FB5E03FAB1EC}.Release|x86.Build.0 = Release|Any CPU
		{DBF83177-3B75-42A2-B019-BE22FADD5300}.Debug|Any CPU.ActiveCfg = Debug|Any CPU
		{DBF83177-3B75-42A2-B019-BE22FADD5300}.Debug|Any CPU.Build.0 = Debug|Any CPU
		{DBF83177-3B75-42A2-B019-BE22FADD5300}.Debug|arm64.ActiveCfg = Debug|Any CPU
		{DBF83177-3B75-42A2-B019-BE22FADD5300}.Debug|arm64.Build.0 = Debug|Any CPU
		{DBF83177-3B75-42A2-B019-BE22FADD5300}.Debug|x64.ActiveCfg = Debug|Any CPU
		{DBF83177-3B75-42A2-B019-BE22FADD5300}.Debug|x64.Build.0 = Debug|Any CPU
		{DBF83177-3B75-42A2-B019-BE22FADD5300}.Debug|x86.ActiveCfg = Debug|Any CPU
		{DBF83177-3B75-42A2-B019-BE22FADD5300}.Debug|x86.Build.0 = Debug|Any CPU
		{DBF83177-3B75-42A2-B019-BE22FADD5300}.Release|Any CPU.ActiveCfg = Release|Any CPU
		{DBF83177-3B75-42A2-B019-BE22FADD5300}.Release|Any CPU.Build.0 = Release|Any CPU
		{DBF83177-3B75-42A2-B019-BE22FADD5300}.Release|arm64.ActiveCfg = Release|Any CPU
		{DBF83177-3B75-42A2-B019-BE22FADD5300}.Release|arm64.Build.0 = Release|Any CPU
		{DBF83177-3B75-42A2-B019-BE22FADD5300}.Release|x64.ActiveCfg = Release|Any CPU
		{DBF83177-3B75-42A2-B019-BE22FADD5300}.Release|x64.Build.0 = Release|Any CPU
		{DBF83177-3B75-42A2-B019-BE22FADD5300}.Release|x86.ActiveCfg = Release|Any CPU
		{DBF83177-3B75-42A2-B019-BE22FADD5300}.Release|x86.Build.0 = Release|Any CPU
	EndGlobalSection
	GlobalSection(SolutionProperties) = preSolution
		HideSolutionNode = FALSE
	EndGlobalSection
	GlobalSection(NestedProjects) = preSolution
		{CDE21C0B-7140-4BBA-8BE3-6CBEA25CE37F} = {1B05413D-C9AC-4FC5-B3F7-6061F3644E27}
		{F3F39466-3BF7-47CC-BAFF-3589EEB1108A} = {1B05413D-C9AC-4FC5-B3F7-6061F3644E27}
		{8F745705-0FCE-41CC-95A1-FB5E03FAB1EC} = {1B05413D-C9AC-4FC5-B3F7-6061F3644E27}
	EndGlobalSection
	GlobalSection(ExtensibilityGlobals) = postSolution
		SolutionGuid = {8D017F46-2F49-49FD-9ACF-E284EA13725B}
	EndGlobalSection
EndGlobal
